
Microsoft Visual Studio Solution File, Format Version 12.00
# Visual Studio Version 16
VisualStudioVersion = 16.0.31129.286
MinimumVisualStudioVersion = 10.0.40219.1
Project("{FAE04EC0-301F-11D3-BF4B-00C04F79EFBC}") = "SocialNetwork.UWP", "SocialNetwork\SocialNetwork.UWP\SocialNetwork.UWP.csproj", "{8E16E02E-3F00-4C0C-AD0E-9E546C3EE6D4}"
EndProject
Project("{FAE04EC0-301F-11D3-BF4B-00C04F79EFBC}") = "SocialNetwork.Android", "SocialNetwork\SocialNetwork.Android\SocialNetwork.Android.csproj", "{FDA87F7E-E2F5-40E2-9202-2670F1E6F8DC}"
EndProject
Project("{FAE04EC0-301F-11D3-BF4B-00C04F79EFBC}") = "SocialNetwork.iOS", "SocialNetwork\SocialNetwork.iOS\SocialNetwork.iOS.csproj", "{AFA2F882-0848-43FA-A5C5-94120E8231A0}"
EndProject
Project("{FAE04EC0-301F-11D3-BF4B-00C04F79EFBC}") = "SocialNetwork", "SocialNetwork\SocialNetwork\SocialNetwork.csproj", "{4D981A74-3C4B-49C5-86CD-36E26D281334}"
EndProject
Global
	GlobalSection(SolutionConfigurationPlatforms) = preSolution
		Debug|Any CPU = Debug|Any CPU
		Debug|ARM = Debug|ARM
		Debug|iPhone = Debug|iPhone
		Debug|iPhoneSimulator = Debug|iPhoneSimulator
		Debug|x64 = Debug|x64
		Debug|x86 = Debug|x86
		Release|Any CPU = Release|Any CPU
		Release|ARM = Release|ARM
		Release|iPhone = Release|iPhone
		Release|iPhoneSimulator = Release|iPhoneSimulator
		Release|x64 = Release|x64
		Release|x86 = Release|x86
	EndGlobalSection
	GlobalSection(ProjectConfigurationPlatforms) = postSolution
		{8E16E02E-3F00-4C0C-AD0E-9E546C3EE6D4}.Debug|Any CPU.ActiveCfg = Debug|x86
		{8E16E02E-3F00-4C0C-AD0E-9E546C3EE6D4}.Debug|Any CPU.Build.0 = Debug|x86
		{8E16E02E-3F00-4C0C-AD0E-9E546C3EE6D4}.Debug|Any CPU.Deploy.0 = Debug|x86
		{8E16E02E-3F00-4C0C-AD0E-9E546C3EE6D4}.Debug|ARM.ActiveCfg = Debug|ARM
		{8E16E02E-3F00-4C0C-AD0E-9E546C3EE6D4}.Debug|ARM.Build.0 = Debug|ARM
		{8E16E02E-3F00-4C0C-AD0E-9E546C3EE6D4}.Debug|ARM.Deploy.0 = Debug|ARM
		{8E16E02E-3F00-4C0C-AD0E-9E546C3EE6D4}.Debug|iPhone.ActiveCfg = Debug|x86
		{8E16E02E-3F00-4C0C-AD0E-9E546C3EE6D4}.Debug|iPhone.Build.0 = Debug|x86
		{8E16E02E-3F00-4C0C-AD0E-9E546C3EE6D4}.Debug|iPhone.Deploy.0 = Debug|x86
		{8E16E02E-3F00-4C0C-AD0E-9E546C3EE6D4}.Debug|iPhoneSimulator.ActiveCfg = Debug|x86
		{8E16E02E-3F00-4C0C-AD0E-9E546C3EE6D4}.Debug|iPhoneSimulator.Build.0 = Debug|x86
		{8E16E02E-3F00-4C0C-AD0E-9E546C3EE6D4}.Debug|iPhoneSimulator.Deploy.0 = Debug|x86
		{8E16E02E-3F00-4C0C-AD0E-9E546C3EE6D4}.Debug|x64.ActiveCfg = Debug|x64
		{8E16E02E-3F00-4C0C-AD0E-9E546C3EE6D4}.Debug|x64.Build.0 = Debug|x64
		{8E16E02E-3F00-4C0C-AD0E-9E546C3EE6D4}.Debug|x64.Deploy.0 = Debug|x64
		{8E16E02E-3F00-4C0C-AD0E-9E546C3EE6D4}.Debug|x86.ActiveCfg = Debug|x86
		{8E16E02E-3F00-4C0C-AD0E-9E546C3EE6D4}.Debug|x86.Build.0 = Debug|x86
		{8E16E02E-3F00-4C0C-AD0E-9E546C3EE6D4}.Debug|x86.Deploy.0 = Debug|x86
		{8E16E02E-3F00-4C0C-AD0E-9E546C3EE6D4}.Release|Any CPU.ActiveCfg = Release|x86
		{8E16E02E-3F00-4C0C-AD0E-9E546C3EE6D4}.Release|Any CPU.Build.0 = Release|x86
		{8E16E02E-3F00-4C0C-AD0E-9E546C3EE6D4}.Release|Any CPU.Deploy.0 = Release|x86
		{8E16E02E-3F00-4C0C-AD0E-9E546C3EE6D4}.Release|ARM.ActiveCfg = Release|ARM
		{8E16E02E-3F00-4C0C-AD0E-9E546C3EE6D4}.Release|ARM.Build.0 = Release|ARM
		{8E16E02E-3F00-4C0C-AD0E-9E546C3EE6D4}.Release|ARM.Deploy.0 = Release|ARM
		{8E16E02E-3F00-4C0C-AD0E-9E546C3EE6D4}.Release|iPhone.ActiveCfg = Release|x86
		{8E16E02E-3F00-4C0C-AD0E-9E546C3EE6D4}.Release|iPhone.Build.0 = Release|x86
		{8E16E02E-3F00-4C0C-AD0E-9E546C3EE6D4}.Release|iPhone.Deploy.0 = Release|x86
		{8E16E02E-3F00-4C0C-AD0E-9E546C3EE6D4}.Release|iPhoneSimulator.ActiveCfg = Release|x86
		{8E16E02E-3F00-4C0C-AD0E-9E546C3EE6D4}.Release|iPhoneSimulator.Build.0 = Release|x86
		{8E16E02E-3F00-4C0C-AD0E-9E546C3EE6D4}.Release|iPhoneSimulator.Deploy.0 = Release|x86
		{8E16E02E-3F00-4C0C-AD0E-9E546C3EE6D4}.Release|x64.ActiveCfg = Release|x64
		{8E16E02E-3F00-4C0C-AD0E-9E546C3EE6D4}.Release|x64.Build.0 = Release|x64
		{8E16E02E-3F00-4C0C-AD0E-9E546C3EE6D4}.Release|x64.Deploy.0 = Release|x64
		{8E16E02E-3F00-4C0C-AD0E-9E546C3EE6D4}.Release|x86.ActiveCfg = Release|x86
		{8E16E02E-3F00-4C0C-AD0E-9E546C3EE6D4}.Release|x86.Build.0 = Release|x86
		{8E16E02E-3F00-4C0C-AD0E-9E546C3EE6D4}.Release|x86.Deploy.0 = Release|x86
		{FDA87F7E-E2F5-40E2-9202-2670F1E6F8DC}.Debug|Any CPU.ActiveCfg = Debug|Any CPU
		{FDA87F7E-E2F5-40E2-9202-2670F1E6F8DC}.Debug|Any CPU.Build.0 = Debug|Any CPU
		{FDA87F7E-E2F5-40E2-9202-2670F1E6F8DC}.Debug|Any CPU.Deploy.0 = Debug|Any CPU
		{FDA87F7E-E2F5-40E2-9202-2670F1E6F8DC}.Debug|ARM.ActiveCfg = Debug|Any CPU
		{FDA87F7E-E2F5-40E2-9202-2670F1E6F8DC}.Debug|ARM.Build.0 = Debug|Any CPU
		{FDA87F7E-E2F5-40E2-9202-2670F1E6F8DC}.Debug|ARM.Deploy.0 = Debug|Any CPU
		{FDA87F7E-E2F5-40E2-9202-2670F1E6F8DC}.Debug|iPhone.ActiveCfg = Debug|Any CPU
		{FDA87F7E-E2F5-40E2-9202-2670F1E6F8DC}.Debug|iPhone.Build.0 = Debug|Any CPU
		{FDA87F7E-E2F5-40E2-9202-2670F1E6F8DC}.Debug|iPhone.Deploy.0 = Debug|Any CPU
		{FDA87F7E-E2F5-40E2-9202-2670F1E6F8DC}.Debug|iPhoneSimulator.ActiveCfg = Debug|Any CPU
		{FDA87F7E-E2F5-40E2-9202-2670F1E6F8DC}.Debug|iPhoneSimulator.Build.0 = Debug|Any CPU
		{FDA87F7E-E2F5-40E2-9202-2670F1E6F8DC}.Debug|iPhoneSimulator.Deploy.0 = Debug|Any CPU
		{FDA87F7E-E2F5-40E2-9202-2670F1E6F8DC}.Debug|x64.ActiveCfg = Debug|Any CPU
		{FDA87F7E-E2F5-40E2-9202-2670F1E6F8DC}.Debug|x64.Build.0 = Debug|Any CPU
		{FDA87F7E-E2F5-40E2-9202-2670F1E6F8DC}.Debug|x64.Deploy.0 = Debug|Any CPU
		{FDA87F7E-E2F5-40E2-9202-2670F1E6F8DC}.Debug|x86.ActiveCfg = Debug|Any CPU
		{FDA87F7E-E2F5-40E2-9202-2670F1E6F8DC}.Debug|x86.Build.0 = Debug|Any CPU
		{FDA87F7E-E2F5-40E2-9202-2670F1E6F8DC}.Debug|x86.Deploy.0 = Debug|Any CPU
		{FDA87F7E-E2F5-40E2-9202-2670F1E6F8DC}.Release|Any CPU.ActiveCfg = Release|Any CPU
		{FDA87F7E-E2F5-40E2-9202-2670F1E6F8DC}.Release|Any CPU.Build.0 = Release|Any CPU
		{FDA87F7E-E2F5-40E2-9202-2670F1E6F8DC}.Release|Any CPU.Deploy.0 = Release|Any CPU
		{FDA87F7E-E2F5-40E2-9202-2670F1E6F8DC}.Release|ARM.ActiveCfg = Release|Any CPU
		{FDA87F7E-E2F5-40E2-9202-2670F1E6F8DC}.Release|ARM.Build.0 = Release|Any CPU
		{FDA87F7E-E2F5-40E2-9202-2670F1E6F8DC}.Release|ARM.Deploy.0 = Release|Any CPU
		{FDA87F7E-E2F5-40E2-9202-2670F1E6F8DC}.Release|iPhone.ActiveCfg = Release|Any CPU
		{FDA87F7E-E2F5-40E2-9202-2670F1E6F8DC}.Release|iPhone.Build.0 = Release|Any CPU
		{FDA87F7E-E2F5-40E2-9202-2670F1E6F8DC}.Release|iPhone.Deploy.0 = Release|Any CPU
		{FDA87F7E-E2F5-40E2-9202-2670F1E6F8DC}.Release|iPhoneSimulator.ActiveCfg = Release|Any CPU
		{FDA87F7E-E2F5-40E2-9202-2670F1E6F8DC}.Release|iPhoneSimulator.Build.0 = Release|Any CPU
		{FDA87F7E-E2F5-40E2-9202-2670F1E6F8DC}.Release|iPhoneSimulator.Deploy.0 = Release|Any CPU
		{FDA87F7E-E2F5-40E2-9202-2670F1E6F8DC}.Release|x64.ActiveCfg = Release|Any CPU
		{FDA87F7E-E2F5-40E2-9202-2670F1E6F8DC}.Release|x64.Build.0 = Release|Any CPU
		{FDA87F7E-E2F5-40E2-9202-2670F1E6F8DC}.Release|x64.Deploy.0 = Release|Any CPU
		{FDA87F7E-E2F5-40E2-9202-2670F1E6F8DC}.Release|x86.ActiveCfg = Release|Any CPU
		{FDA87F7E-E2F5-40E2-9202-2670F1E6F8DC}.Release|x86.Build.0 = Release|Any CPU
		{FDA87F7E-E2F5-40E2-9202-2670F1E6F8DC}.Release|x86.Deploy.0 = Release|Any CPU
		{AFA2F882-0848-43FA-A5C5-94120E8231A0}.Debug|Any CPU.ActiveCfg = Debug|iPhoneSimulator
		{AFA2F882-0848-43FA-A5C5-94120E8231A0}.Debug|Any CPU.Build.0 = Debug|iPhoneSimulator
		{AFA2F882-0848-43FA-A5C5-94120E8231A0}.Debug|Any CPU.Deploy.0 = Debug|iPhoneSimulator
		{AFA2F882-0848-43FA-A5C5-94120E8231A0}.Debug|ARM.ActiveCfg = Debug|iPhone
		{AFA2F882-0848-43FA-A5C5-94120E8231A0}.Debug|ARM.Build.0 = Debug|iPhone
		{AFA2F882-0848-43FA-A5C5-94120E8231A0}.Debug|ARM.Deploy.0 = Debug|iPhone
		{AFA2F882-0848-43FA-A5C5-94120E8231A0}.Debug|iPhone.ActiveCfg = Debug|iPhone
		{AFA2F882-0848-43FA-A5C5-94120E8231A0}.Debug|iPhone.Build.0 = Debug|iPhone
		{AFA2F882-0848-43FA-A5C5-94120E8231A0}.Debug|iPhone.Deploy.0 = Debug|iPhone
		{AFA2F882-0848-43FA-A5C5-94120E8231A0}.Debug|iPhoneSimulator.ActiveCfg = Debug|iPhoneSimulator
		{AFA2F882-0848-43FA-A5C5-94120E8231A0}.Debug|iPhoneSimulator.Build.0 = Debug|iPhoneSimulator
		{AFA2F882-0848-43FA-A5C5-94120E8231A0}.Debug|iPhoneSimulator.Deploy.0 = Debug|iPhoneSimulator
		{AFA2F882-0848-43FA-A5C5-94120E8231A0}.Debug|x64.ActiveCfg = Debug|iPhoneSimulator
		{AFA2F882-0848-43FA-A5C5-94120E8231A0}.Debug|x64.Build.0 = Debug|iPhoneSimulator
		{AFA2F882-0848-43FA-A5C5-94120E8231A0}.Debug|x64.Deploy.0 = Debug|iPhoneSimulator
		{AFA2F882-0848-43FA-A5C5-94120E8231A0}.Debug|x86.ActiveCfg = Debug|iPhoneSimulator
		{AFA2F882-0848-43FA-A5C5-94120E8231A0}.Debug|x86.Build.0 = Debug|iPhoneSimulator
		{AFA2F882-0848-43FA-A5C5-94120E8231A0}.Debug|x86.Deploy.0 = Debug|iPhoneSimulator
		{AFA2F882-0848-43FA-A5C5-94120E8231A0}.Release|Any CPU.ActiveCfg = Release|iPhoneSimulator
		{AFA2F882-0848-43FA-A5C5-94120E8231A0}.Release|Any CPU.Build.0 = Release|iPhoneSimulator
		{AFA2F882-0848-43FA-A5C5-94120E8231A0}.Release|Any CPU.Deploy.0 = Release|iPhoneSimulator
		{AFA2F882-0848-43FA-A5C5-94120E8231A0}.Release|ARM.ActiveCfg = Release|iPhoneSimulator
		{AFA2F882-0848-43FA-A5C5-94120E8231A0}.Release|ARM.Build.0 = Release|iPhoneSimulator
		{AFA2F882-0848-43FA-A5C5-94120E8231A0}.Release|ARM.Deploy.0 = Release|iPhoneSimulator
		{AFA2F882-0848-43FA-A5C5-94120E8231A0}.Release|iPhone.ActiveCfg = Release|iPhone
		{AFA2F882-0848-43FA-A5C5-94120E8231A0}.Release|iPhone.Build.0 = Release|iPhone
		{AFA2F882-0848-43FA-A5C5-94120E8231A0}.Release|iPhone.Deploy.0 = Release|iPhone
		{AFA2F882-0848-43FA-A5C5-94120E8231A0}.Release|iPhoneSimulator.ActiveCfg = Release|iPhoneSimulator
		{AFA2F882-0848-43FA-A5C5-94120E8231A0}.Release|iPhoneSimulator.Build.0 = Release|iPhoneSimulator
		{AFA2F882-0848-43FA-A5C5-94120E8231A0}.Release|iPhoneSimulator.Deploy.0 = Release|iPhoneSimulator
		{AFA2F882-0848-43FA-A5C5-94120E8231A0}.Release|x64.ActiveCfg = Release|iPhoneSimulator
		{AFA2F882-0848-43FA-A5C5-94120E8231A0}.Release|x64.Build.0 = Release|iPhoneSimulator
		{AFA2F882-0848-43FA-A5C5-94120E8231A0}.Release|x64.Deploy.0 = Release|iPhoneSimulator
		{AFA2F882-0848-43FA-A5C5-94120E8231A0}.Release|x86.ActiveCfg = Release|iPhoneSimulator
		{AFA2F882-0848-43FA-A5C5-94120E8231A0}.Release|x86.Build.0 = Release|iPhoneSimulator
		{AFA2F882-0848-43FA-A5C5-94120E8231A0}.Release|x86.Deploy.0 = Release|iPhoneSimulator
		{4D981A74-3C4B-49C5-86CD-36E26D281334}.Debug|Any CPU.ActiveCfg = Debug|Any CPU
		{4D981A74-3C4B-49C5-86CD-36E26D281334}.Debug|Any CPU.Build.0 = Debug|Any CPU
		{4D981A74-3C4B-49C5-86CD-36E26D281334}.Debug|Any CPU.Deploy.0 = Debug|Any CPU
		{4D981A74-3C4B-49C5-86CD-36E26D281334}.Debug|ARM.ActiveCfg = Debug|Any CPU
		{4D981A74-3C4B-49C5-86CD-36E26D281334}.Debug|ARM.Build.0 = Debug|Any CPU
		{4D981A74-3C4B-49C5-86CD-36E26D281334}.Debug|ARM.Deploy.0 = Debug|Any CPU
		{4D981A74-3C4B-49C5-86CD-36E26D281334}.Debug|iPhone.ActiveCfg = Debug|Any CPU
		{4D981A74-3C4B-49C5-86CD-36E26D281334}.Debug|iPhone.Build.0 = Debug|Any CPU
		{4D981A74-3C4B-49C5-86CD-36E26D281334}.Debug|iPhone.Deploy.0 = Debug|Any CPU
		{4D981A74-3C4B-49C5-86CD-36E26D281334}.Debug|iPhoneSimulator.ActiveCfg = Debug|Any CPU
		{4D981A74-3C4B-49C5-86CD-36E26D281334}.Debug|iPhoneSimulator.Build.0 = Debug|Any CPU
		{4D981A74-3C4B-49C5-86CD-36E26D281334}.Debug|iPhoneSimulator.Deploy.0 = Debug|Any CPU
		{4D981A74-3C4B-49C5-86CD-36E26D281334}.Debug|x64.ActiveCfg = Debug|Any CPU
		{4D981A74-3C4B-49C5-86CD-36E26D281334}.Debug|x64.Build.0 = Debug|Any CPU
		{4D981A74-3C4B-49C5-86CD-36E26D281334}.Debug|x64.Deploy.0 = Debug|Any CPU
		{4D981A74-3C4B-49C5-86CD-36E26D281334}.Debug|x86.ActiveCfg = Debug|Any CPU
		{4D981A74-3C4B-49C5-86CD-36E26D281334}.Debug|x86.Build.0 = Debug|Any CPU
		{4D981A74-3C4B-49C5-86CD-36E26D281334}.Debug|x86.Deploy.0 = Debug|Any CPU
		{4D981A74-3C4B-49C5-86CD-36E26D281334}.Release|Any CPU.ActiveCfg = Release|Any CPU
		{4D981A74-3C4B-49C5-86CD-36E26D281334}.Release|Any CPU.Build.0 = Release|Any CPU
		{4D981A74-3C4B-49C5-86CD-36E26D281334}.Release|Any CPU.Deploy.0 = Release|Any CPU
		{4D981A74-3C4B-49C5-86CD-36E26D281334}.Release|ARM.ActiveCfg = Release|Any CPU
		{4D981A74-3C4B-49C5-86CD-36E26D281334}.Release|ARM.Build.0 = Release|Any CPU
		{4D981A74-3C4B-49C5-86CD-36E26D281334}.Release|ARM.Deploy.0 = Release|Any CPU
		{4D981A74-3C4B-49C5-86CD-36E26D281334}.Release|iPhone.ActiveCfg = Release|Any CPU
		{4D981A74-3C4B-49C5-86CD-36E26D281334}.Release|iPhone.Build.0 = Release|Any CPU
		{4D981A74-3C4B-49C5-86CD-36E26D281334}.Release|iPhone.Deploy.0 = Release|Any CPU
		{4D981A74-3C4B-49C5-86CD-36E26D281334}.Release|iPhoneSimulator.ActiveCfg = Release|Any CPU
		{4D981A74-3C4B-49C5-86CD-36E26D281334}.Release|iPhoneSimulator.Build.0 = Release|Any CPU
		{4D981A74-3C4B-49C5-86CD-36E26D281334}.Release|iPhoneSimulator.Deploy.0 = Release|Any CPU
		{4D981A74-3C4B-49C5-86CD-36E26D281334}.Release|x64.ActiveCfg = Release|Any CPU
		{4D981A74-3C4B-49C5-86CD-36E26D281334}.Release|x64.Build.0 = Release|Any CPU
		{4D981A74-3C4B-49C5-86CD-36E26D281334}.Release|x64.Deploy.0 = Release|Any CPU
		{4D981A74-3C4B-49C5-86CD-36E26D281334}.Release|x86.ActiveCfg = Release|Any CPU
		{4D981A74-3C4B-49C5-86CD-36E26D281334}.Release|x86.Build.0 = Release|Any CPU
		{4D981A74-3C4B-49C5-86CD-36E26D281334}.Release|x86.Deploy.0 = Release|Any CPU
	EndGlobalSection
	GlobalSection(SolutionProperties) = preSolution
		HideSolutionNode = FALSE
	EndGlobalSection
	GlobalSection(ExtensibilityGlobals) = postSolution
		SolutionGuid = {5A33B957-9B5E-4FF4-A286-0EC887FCDF9F}
	EndGlobalSection
EndGlobal
